// !$*UTF8*$!
{
	archiveVersion = 1;
	classes = {
	};
	objectVersion = 46;
	objects = {

/* Begin PBXBuildFile section */
		26028C891C89EF670098131A /* AppDelegate.swift in Sources */ = {isa = PBXBuildFile; fileRef = 26028C881C89EF670098131A /* AppDelegate.swift */; };
		26028C8B1C89EF670098131A /* ViewController.swift in Sources */ = {isa = PBXBuildFile; fileRef = 26028C8A1C89EF670098131A /* ViewController.swift */; };
		26028C8E1C89EF670098131A /* Main.storyboard in Resources */ = {isa = PBXBuildFile; fileRef = 26028C8C1C89EF670098131A /* Main.storyboard */; };
		26028C901C89EF670098131A /* Assets.xcassets in Resources */ = {isa = PBXBuildFile; fileRef = 26028C8F1C89EF670098131A /* Assets.xcassets */; };
		26028C931C89EF670098131A /* LaunchScreen.storyboard in Resources */ = {isa = PBXBuildFile; fileRef = 26028C911C89EF670098131A /* LaunchScreen.storyboard */; };
		26028CB71C8ACF200098131A /* AppDelegate.swift in Sources */ = {isa = PBXBuildFile; fileRef = 26028CB61C8ACF200098131A /* AppDelegate.swift */; };
		26028CB91C8ACF200098131A /* ViewController.swift in Sources */ = {isa = PBXBuildFile; fileRef = 26028CB81C8ACF200098131A /* ViewController.swift */; };
		26028CBC1C8ACF200098131A /* Main.storyboard in Resources */ = {isa = PBXBuildFile; fileRef = 26028CBA1C8ACF200098131A /* Main.storyboard */; };
		26028CBE1C8ACF200098131A /* Assets.xcassets in Resources */ = {isa = PBXBuildFile; fileRef = 26028CBD1C8ACF200098131A /* Assets.xcassets */; };
		26028CC11C8ACF200098131A /* LaunchScreen.storyboard in Resources */ = {isa = PBXBuildFile; fileRef = 26028CBF1C8ACF200098131A /* LaunchScreen.storyboard */; };
		26028CC71C8AD19F0098131A /* GGTableViewCell.swift in Sources */ = {isa = PBXBuildFile; fileRef = 26028CC61C8AD19F0098131A /* GGTableViewCell.swift */; };
		267600CA1C87E1AB0020E64B /* AppDelegate.swift in Sources */ = {isa = PBXBuildFile; fileRef = 267600C91C87E1AB0020E64B /* AppDelegate.swift */; };
		267600CC1C87E1AB0020E64B /* ViewController.swift in Sources */ = {isa = PBXBuildFile; fileRef = 267600CB1C87E1AB0020E64B /* ViewController.swift */; };
		267600CF1C87E1AB0020E64B /* Main.storyboard in Resources */ = {isa = PBXBuildFile; fileRef = 267600CD1C87E1AB0020E64B /* Main.storyboard */; };
		267600D11C87E1AB0020E64B /* Assets.xcassets in Resources */ = {isa = PBXBuildFile; fileRef = 267600D01C87E1AB0020E64B /* Assets.xcassets */; };
		267600D41C87E1AB0020E64B /* LaunchScreen.storyboard in Resources */ = {isa = PBXBuildFile; fileRef = 267600D21C87E1AB0020E64B /* LaunchScreen.storyboard */; };
		26CC59571C8AD279005E0FBF /* GGCollectionViewCell.swift in Sources */ = {isa = PBXBuildFile; fileRef = 26CC59561C8AD279005E0FBF /* GGCollectionViewCell.swift */; };
		3895E90F90C4870307A5B4F9 /* Pods_MultiButtonTutorial.framework in Frameworks */ = {isa = PBXBuildFile; fileRef = E1D89F552C7E7F9E825AB722 /* Pods_MultiButtonTutorial.framework */; };
		4E8606DED26414FF5DA9D4A0 /* Pods_MeetRxSwift.framework in Frameworks */ = {isa = PBXBuildFile; fileRef = 4107D9FA88DD3CBB05C770AE /* Pods_MeetRxSwift.framework */; };
		879742B9649040205CD0B54E /* Pods_MeetRxSwiftAsync.framework in Frameworks */ = {isa = PBXBuildFile; fileRef = 4E2135A1BB2FFFC993B07A1F /* Pods_MeetRxSwiftAsync.framework */; };
/* End PBXBuildFile section */

/* Begin PBXFileReference section */
		0058ED6444D78829B3B2E58B /* Pods-MultiButtonTutorial.release.xcconfig */ = {isa = PBXFileReference; includeInIndex = 1; lastKnownFileType = text.xcconfig; name = "Pods-MultiButtonTutorial.release.xcconfig"; path = "Pods/Target Support Files/Pods-MultiButtonTutorial/Pods-MultiButtonTutorial.release.xcconfig"; sourceTree = "<group>"; };
		26028C861C89EF670098131A /* MeetRxSwiftAsync.app */ = {isa = PBXFileReference; explicitFileType = wrapper.application; includeInIndex = 0; path = MeetRxSwiftAsync.app; sourceTree = BUILT_PRODUCTS_DIR; };
		26028C881C89EF670098131A /* AppDelegate.swift */ = {isa = PBXFileReference; lastKnownFileType = sourcecode.swift; path = AppDelegate.swift; sourceTree = "<group>"; };
		26028C8A1C89EF670098131A /* ViewController.swift */ = {isa = PBXFileReference; lastKnownFileType = sourcecode.swift; path = ViewController.swift; sourceTree = "<group>"; };
		26028C8D1C89EF670098131A /* Base */ = {isa = PBXFileReference; lastKnownFileType = file.storyboard; name = Base; path = Base.lproj/Main.storyboard; sourceTree = "<group>"; };
		26028C8F1C89EF670098131A /* Assets.xcassets */ = {isa = PBXFileReference; lastKnownFileType = folder.assetcatalog; path = Assets.xcassets; sourceTree = "<group>"; };
		26028C921C89EF670098131A /* Base */ = {isa = PBXFileReference; lastKnownFileType = file.storyboard; name = Base; path = Base.lproj/LaunchScreen.storyboard; sourceTree = "<group>"; };
		26028C941C89EF670098131A /* Info.plist */ = {isa = PBXFileReference; lastKnownFileType = text.plist.xml; path = Info.plist; sourceTree = "<group>"; };
		26028CB41C8ACF200098131A /* MultiButtonTutorial.app */ = {isa = PBXFileReference; explicitFileType = wrapper.application; includeInIndex = 0; path = MultiButtonTutorial.app; sourceTree = BUILT_PRODUCTS_DIR; };
		26028CB61C8ACF200098131A /* AppDelegate.swift */ = {isa = PBXFileReference; lastKnownFileType = sourcecode.swift; path = AppDelegate.swift; sourceTree = "<group>"; };
		26028CB81C8ACF200098131A /* ViewController.swift */ = {isa = PBXFileReference; lastKnownFileType = sourcecode.swift; path = ViewController.swift; sourceTree = "<group>"; };
		26028CBB1C8ACF200098131A /* Base */ = {isa = PBXFileReference; lastKnownFileType = file.storyboard; name = Base; path = Base.lproj/Main.storyboard; sourceTree = "<group>"; };
		26028CBD1C8ACF200098131A /* Assets.xcassets */ = {isa = PBXFileReference; lastKnownFileType = folder.assetcatalog; path = Assets.xcassets; sourceTree = "<group>"; };
		26028CC01C8ACF200098131A /* Base */ = {isa = PBXFileReference; lastKnownFileType = file.storyboard; name = Base; path = Base.lproj/LaunchScreen.storyboard; sourceTree = "<group>"; };
		26028CC21C8ACF200098131A /* Info.plist */ = {isa = PBXFileReference; lastKnownFileType = text.plist.xml; path = Info.plist; sourceTree = "<group>"; };
		26028CC61C8AD19F0098131A /* GGTableViewCell.swift */ = {isa = PBXFileReference; fileEncoding = 4; lastKnownFileType = sourcecode.swift; path = GGTableViewCell.swift; sourceTree = "<group>"; };
		267600C61C87E1AB0020E64B /* MeetRxSwift.app */ = {isa = PBXFileReference; explicitFileType = wrapper.application; includeInIndex = 0; path = MeetRxSwift.app; sourceTree = BUILT_PRODUCTS_DIR; };
		267600C91C87E1AB0020E64B /* AppDelegate.swift */ = {isa = PBXFileReference; lastKnownFileType = sourcecode.swift; path = AppDelegate.swift; sourceTree = "<group>"; };
		267600CB1C87E1AB0020E64B /* ViewController.swift */ = {isa = PBXFileReference; lastKnownFileType = sourcecode.swift; path = ViewController.swift; sourceTree = "<group>"; };
		267600CE1C87E1AB0020E64B /* Base */ = {isa = PBXFileReference; lastKnownFileType = file.storyboard; name = Base; path = Base.lproj/Main.storyboard; sourceTree = "<group>"; };
		267600D01C87E1AB0020E64B /* Assets.xcassets */ = {isa = PBXFileReference; lastKnownFileType = folder.assetcatalog; path = Assets.xcassets; sourceTree = "<group>"; };
		267600D31C87E1AB0020E64B /* Base */ = {isa = PBXFileReference; lastKnownFileType = file.storyboard; name = Base; path = Base.lproj/LaunchScreen.storyboard; sourceTree = "<group>"; };
		267600D51C87E1AB0020E64B /* Info.plist */ = {isa = PBXFileReference; lastKnownFileType = text.plist.xml; path = Info.plist; sourceTree = "<group>"; };
		26CC59561C8AD279005E0FBF /* GGCollectionViewCell.swift */ = {isa = PBXFileReference; fileEncoding = 4; lastKnownFileType = sourcecode.swift; path = GGCollectionViewCell.swift; sourceTree = "<group>"; };
		4107D9FA88DD3CBB05C770AE /* Pods_MeetRxSwift.framework */ = {isa = PBXFileReference; explicitFileType = wrapper.framework; includeInIndex = 0; path = Pods_MeetRxSwift.framework; sourceTree = BUILT_PRODUCTS_DIR; };
		4E2135A1BB2FFFC993B07A1F /* Pods_MeetRxSwiftAsync.framework */ = {isa = PBXFileReference; explicitFileType = wrapper.framework; includeInIndex = 0; path = Pods_MeetRxSwiftAsync.framework; sourceTree = BUILT_PRODUCTS_DIR; };
		5186FFF859FF87EB3BFE62C5 /* Pods-MeetRxSwift.debug.xcconfig */ = {isa = PBXFileReference; includeInIndex = 1; lastKnownFileType = text.xcconfig; name = "Pods-MeetRxSwift.debug.xcconfig"; path = "Pods/Target Support Files/Pods-MeetRxSwift/Pods-MeetRxSwift.debug.xcconfig"; sourceTree = "<group>"; };
		58F1E879ED24CE5399BC61BE /* Pods-MeetRxSwiftAsync.debug.xcconfig */ = {isa = PBXFileReference; includeInIndex = 1; lastKnownFileType = text.xcconfig; name = "Pods-MeetRxSwiftAsync.debug.xcconfig"; path = "Pods/Target Support Files/Pods-MeetRxSwiftAsync/Pods-MeetRxSwiftAsync.debug.xcconfig"; sourceTree = "<group>"; };
		768182FDBE691D09FF58E6CB /* Pods-MultiButtonTutorial.debug.xcconfig */ = {isa = PBXFileReference; includeInIndex = 1; lastKnownFileType = text.xcconfig; name = "Pods-MultiButtonTutorial.debug.xcconfig"; path = "Pods/Target Support Files/Pods-MultiButtonTutorial/Pods-MultiButtonTutorial.debug.xcconfig"; sourceTree = "<group>"; };
		82E8B49A36FCC0534D786FEC /* Pods-MeetRxSwift.release.xcconfig */ = {isa = PBXFileReference; includeInIndex = 1; lastKnownFileType = text.xcconfig; name = "Pods-MeetRxSwift.release.xcconfig"; path = "Pods/Target Support Files/Pods-MeetRxSwift/Pods-MeetRxSwift.release.xcconfig"; sourceTree = "<group>"; };
		A1CAC95925A15F4C71D00FFF /* Pods-MeetRxSwiftAsync.release.xcconfig */ = {isa = PBXFileReference; includeInIndex = 1; lastKnownFileType = text.xcconfig; name = "Pods-MeetRxSwiftAsync.release.xcconfig"; path = "Pods/Target Support Files/Pods-MeetRxSwiftAsync/Pods-MeetRxSwiftAsync.release.xcconfig"; sourceTree = "<group>"; };
		E1D89F552C7E7F9E825AB722 /* Pods_MultiButtonTutorial.framework */ = {isa = PBXFileReference; explicitFileType = wrapper.framework; includeInIndex = 0; path = Pods_MultiButtonTutorial.framework; sourceTree = BUILT_PRODUCTS_DIR; };
/* End PBXFileReference section */

/* Begin PBXFrameworksBuildPhase section */
		26028C831C89EF670098131A /* Frameworks */ = {
			isa = PBXFrameworksBuildPhase;
			buildActionMask = 2147483647;
			files = (
				879742B9649040205CD0B54E /* Pods_MeetRxSwiftAsync.framework in Frameworks */,
			);
			runOnlyForDeploymentPostprocessing = 0;
		};
		26028CB11C8ACF200098131A /* Frameworks */ = {
			isa = PBXFrameworksBuildPhase;
			buildActionMask = 2147483647;
			files = (
				3895E90F90C4870307A5B4F9 /* Pods_MultiButtonTutorial.framework in Frameworks */,
			);
			runOnlyForDeploymentPostprocessing = 0;
		};
		267600C31C87E1AB0020E64B /* Frameworks */ = {
			isa = PBXFrameworksBuildPhase;
			buildActionMask = 2147483647;
			files = (
				4E8606DED26414FF5DA9D4A0 /* Pods_MeetRxSwift.framework in Frameworks */,
			);
			runOnlyForDeploymentPostprocessing = 0;
		};
/* End PBXFrameworksBuildPhase section */

/* Begin PBXGroup section */
		1E2905768F6B2E7B20E5FE34 /* Pods */ = {
			isa = PBXGroup;
			children = (
				5186FFF859FF87EB3BFE62C5 /* Pods-MeetRxSwift.debug.xcconfig */,
				82E8B49A36FCC0534D786FEC /* Pods-MeetRxSwift.release.xcconfig */,
				58F1E879ED24CE5399BC61BE /* Pods-MeetRxSwiftAsync.debug.xcconfig */,
				A1CAC95925A15F4C71D00FFF /* Pods-MeetRxSwiftAsync.release.xcconfig */,
				768182FDBE691D09FF58E6CB /* Pods-MultiButtonTutorial.debug.xcconfig */,
				0058ED6444D78829B3B2E58B /* Pods-MultiButtonTutorial.release.xcconfig */,
			);
			name = Pods;
			sourceTree = "<group>";
		};
		26028C871C89EF670098131A /* MeetRxSwiftAsync */ = {
			isa = PBXGroup;
			children = (
				26028C881C89EF670098131A /* AppDelegate.swift */,
				26028C8A1C89EF670098131A /* ViewController.swift */,
				26028C8C1C89EF670098131A /* Main.storyboard */,
				26028C8F1C89EF670098131A /* Assets.xcassets */,
				26028C911C89EF670098131A /* LaunchScreen.storyboard */,
				26028C941C89EF670098131A /* Info.plist */,
			);
			path = MeetRxSwiftAsync;
			sourceTree = "<group>";
		};
		26028CB51C8ACF200098131A /* MultiButtonTutorial */ = {
			isa = PBXGroup;
			children = (
				26028CB61C8ACF200098131A /* AppDelegate.swift */,
				26028CB81C8ACF200098131A /* ViewController.swift */,
				26028CBA1C8ACF200098131A /* Main.storyboard */,
				26028CBD1C8ACF200098131A /* Assets.xcassets */,
				26028CBF1C8ACF200098131A /* LaunchScreen.storyboard */,
				26028CC21C8ACF200098131A /* Info.plist */,
				26028CC61C8AD19F0098131A /* GGTableViewCell.swift */,
				26CC59561C8AD279005E0FBF /* GGCollectionViewCell.swift */,
			);
			path = MultiButtonTutorial;
			sourceTree = "<group>";
		};
		267600BD1C87E1AB0020E64B = {
			isa = PBXGroup;
			children = (
				267600C81C87E1AB0020E64B /* MeetRxSwift */,
				26028C871C89EF670098131A /* MeetRxSwiftAsync */,
				26028CB51C8ACF200098131A /* MultiButtonTutorial */,
				267600C71C87E1AB0020E64B /* Products */,
				1E2905768F6B2E7B20E5FE34 /* Pods */,
				6F4C975036C4FA44C214BA80 /* Frameworks */,
			);
			sourceTree = "<group>";
		};
		267600C71C87E1AB0020E64B /* Products */ = {
			isa = PBXGroup;
			children = (
				267600C61C87E1AB0020E64B /* MeetRxSwift.app */,
				26028C861C89EF670098131A /* MeetRxSwiftAsync.app */,
				26028CB41C8ACF200098131A /* MultiButtonTutorial.app */,
			);
			name = Products;
			sourceTree = "<group>";
		};
		267600C81C87E1AB0020E64B /* MeetRxSwift */ = {
			isa = PBXGroup;
			children = (
				267600C91C87E1AB0020E64B /* AppDelegate.swift */,
				267600CB1C87E1AB0020E64B /* ViewController.swift */,
				267600CD1C87E1AB0020E64B /* Main.storyboard */,
				267600D01C87E1AB0020E64B /* Assets.xcassets */,
				267600D21C87E1AB0020E64B /* LaunchScreen.storyboard */,
				267600D51C87E1AB0020E64B /* Info.plist */,
			);
			path = MeetRxSwift;
			sourceTree = "<group>";
		};
		6F4C975036C4FA44C214BA80 /* Frameworks */ = {
			isa = PBXGroup;
			children = (
				4107D9FA88DD3CBB05C770AE /* Pods_MeetRxSwift.framework */,
				4E2135A1BB2FFFC993B07A1F /* Pods_MeetRxSwiftAsync.framework */,
				E1D89F552C7E7F9E825AB722 /* Pods_MultiButtonTutorial.framework */,
			);
			name = Frameworks;
			sourceTree = "<group>";
		};
/* End PBXGroup section */

/* Begin PBXNativeTarget section */
		26028C851C89EF670098131A /* MeetRxSwiftAsync */ = {
			isa = PBXNativeTarget;
			buildConfigurationList = 26028C971C89EF670098131A /* Build configuration list for PBXNativeTarget "MeetRxSwiftAsync" */;
			buildPhases = (
				D7EBEBB02416D425CA25F416 /* Check Pods Manifest.lock */,
				26028C821C89EF670098131A /* Sources */,
				26028C831C89EF670098131A /* Frameworks */,
				26028C841C89EF670098131A /* Resources */,
				191D82453420B8CF40FD6D30 /* Embed Pods Frameworks */,
				9DE95377C85983CD5AE48271 /* Copy Pods Resources */,
			);
			buildRules = (
			);
			dependencies = (
			);
			name = MeetRxSwiftAsync;
			productName = MeetRxSwiftAsync;
			productReference = 26028C861C89EF670098131A /* MeetRxSwiftAsync.app */;
			productType = "com.apple.product-type.application";
		};
		26028CB31C8ACF200098131A /* MultiButtonTutorial */ = {
			isa = PBXNativeTarget;
			buildConfigurationList = 26028CC51C8ACF200098131A /* Build configuration list for PBXNativeTarget "MultiButtonTutorial" */;
			buildPhases = (
				AAA16E2A4BD00FAB903D7B7F /* Check Pods Manifest.lock */,
				26028CB01C8ACF200098131A /* Sources */,
				26028CB11C8ACF200098131A /* Frameworks */,
				26028CB21C8ACF200098131A /* Resources */,
				A3D0498E5F699616FEE3B548 /* Embed Pods Frameworks */,
				3112F6967ADE153AA400AC67 /* Copy Pods Resources */,
			);
			buildRules = (
			);
			dependencies = (
			);
			name = MultiButtonTutorial;
			productName = MultiButtonTutorial;
			productReference = 26028CB41C8ACF200098131A /* MultiButtonTutorial.app */;
			productType = "com.apple.product-type.application";
		};
		267600C51C87E1AB0020E64B /* MeetRxSwift */ = {
			isa = PBXNativeTarget;
			buildConfigurationList = 267600D81C87E1AB0020E64B /* Build configuration list for PBXNativeTarget "MeetRxSwift" */;
			buildPhases = (
				B5F538212DB7CBA7E75F719F /* Check Pods Manifest.lock */,
				267600C21C87E1AB0020E64B /* Sources */,
				267600C31C87E1AB0020E64B /* Frameworks */,
				267600C41C87E1AB0020E64B /* Resources */,
				B188C0A45D7025AC03A4F9FE /* Embed Pods Frameworks */,
				BCDD783E3AF1E82C8DBA8B08 /* Copy Pods Resources */,
			);
			buildRules = (
			);
			dependencies = (
			);
			name = MeetRxSwift;
			productName = MeetRxSwift;
			productReference = 267600C61C87E1AB0020E64B /* MeetRxSwift.app */;
			productType = "com.apple.product-type.application";
		};
/* End PBXNativeTarget section */

/* Begin PBXProject section */
		267600BE1C87E1AB0020E64B /* Project object */ = {
			isa = PBXProject;
			attributes = {
				LastSwiftUpdateCheck = 0720;
				LastUpgradeCheck = 0720;
				ORGANIZATIONNAME = T;
				TargetAttributes = {
					26028C851C89EF670098131A = {
						CreatedOnToolsVersion = 7.2.1;
						DevelopmentTeam = HY634B3FW2;
					};
					26028CB31C8ACF200098131A = {
						CreatedOnToolsVersion = 7.2.1;
						DevelopmentTeam = HY634B3FW2;
					};
					267600C51C87E1AB0020E64B = {
						CreatedOnToolsVersion = 7.2.1;
						DevelopmentTeam = HY634B3FW2;
					};
				};
			};
			buildConfigurationList = 267600C11C87E1AB0020E64B /* Build configuration list for PBXProject "MeetRxSwift" */;
			compatibilityVersion = "Xcode 3.2";
			developmentRegion = English;
			hasScannedForEncodings = 0;
			knownRegions = (
				en,
				Base,
			);
			mainGroup = 267600BD1C87E1AB0020E64B;
			productRefGroup = 267600C71C87E1AB0020E64B /* Products */;
			projectDirPath = "";
			projectRoot = "";
			targets = (
				267600C51C87E1AB0020E64B /* MeetRxSwift */,
				26028C851C89EF670098131A /* MeetRxSwiftAsync */,
				26028CB31C8ACF200098131A /* MultiButtonTutorial */,
			);
		};
/* End PBXProject section */

/* Begin PBXResourcesBuildPhase section */
		26028C841C89EF670098131A /* Resources */ = {
			isa = PBXResourcesBuildPhase;
			buildActionMask = 2147483647;
			files = (
				26028C931C89EF670098131A /* LaunchScreen.storyboard in Resources */,
				26028C901C89EF670098131A /* Assets.xcassets in Resources */,
				26028C8E1C89EF670098131A /* Main.storyboard in Resources */,
			);
			runOnlyForDeploymentPostprocessing = 0;
		};
		26028CB21C8ACF200098131A /* Resources */ = {
			isa = PBXResourcesBuildPhase;
			buildActionMask = 2147483647;
			files = (
				26028CC11C8ACF200098131A /* LaunchScreen.storyboard in Resources */,
				26028CBE1C8ACF200098131A /* Assets.xcassets in Resources */,
				26028CBC1C8ACF200098131A /* Main.storyboard in Resources */,
			);
			runOnlyForDeploymentPostprocessing = 0;
		};
		267600C41C87E1AB0020E64B /* Resources */ = {
			isa = PBXResourcesBuildPhase;
			buildActionMask = 2147483647;
			files = (
				267600D41C87E1AB0020E64B /* LaunchScreen.storyboard in Resources */,
				267600D11C87E1AB0020E64B /* Assets.xcassets in Resources */,
				267600CF1C87E1AB0020E64B /* Main.storyboard in Resources */,
			);
			runOnlyForDeploymentPostprocessing = 0;
		};
/* End PBXResourcesBuildPhase section */

/* Begin PBXShellScriptBuildPhase section */
		191D82453420B8CF40FD6D30 /* Embed Pods Frameworks */ = {
			isa = PBXShellScriptBuildPhase;
			buildActionMask = 2147483647;
			files = (
			);
			inputPaths = (
			);
			name = "Embed Pods Frameworks";
			outputPaths = (
			);
			runOnlyForDeploymentPostprocessing = 0;
			shellPath = /bin/sh;
			shellScript = "\"${SRCROOT}/Pods/Target Support Files/Pods-MeetRxSwiftAsync/Pods-MeetRxSwiftAsync-frameworks.sh\"\n";
			showEnvVarsInLog = 0;
		};
		3112F6967ADE153AA400AC67 /* Copy Pods Resources */ = {
			isa = PBXShellScriptBuildPhase;
			buildActionMask = 2147483647;
			files = (
			);
			inputPaths = (
			);
			name = "Copy Pods Resources";
			outputPaths = (
			);
			runOnlyForDeploymentPostprocessing = 0;
			shellPath = /bin/sh;
			shellScript = "\"${SRCROOT}/Pods/Target Support Files/Pods-MultiButtonTutorial/Pods-MultiButtonTutorial-resources.sh\"\n";
			showEnvVarsInLog = 0;
		};
		9DE95377C85983CD5AE48271 /* Copy Pods Resources */ = {
			isa = PBXShellScriptBuildPhase;
			buildActionMask = 2147483647;
			files = (
			);
			inputPaths = (
			);
			name = "Copy Pods Resources";
			outputPaths = (
			);
			runOnlyForDeploymentPostprocessing = 0;
			shellPath = /bin/sh;
			shellScript = "\"${SRCROOT}/Pods/Target Support Files/Pods-MeetRxSwiftAsync/Pods-MeetRxSwiftAsync-resources.sh\"\n";
			showEnvVarsInLog = 0;
		};
		A3D0498E5F699616FEE3B548 /* Embed Pods Frameworks */ = {
			isa = PBXShellScriptBuildPhase;
			buildActionMask = 2147483647;
			files = (
			);
			inputPaths = (
			);
			name = "Embed Pods Frameworks";
			outputPaths = (
			);
			runOnlyForDeploymentPostprocessing = 0;
			shellPath = /bin/sh;
			shellScript = "\"${SRCROOT}/Pods/Target Support Files/Pods-MultiButtonTutorial/Pods-MultiButtonTutorial-frameworks.sh\"\n";
			showEnvVarsInLog = 0;
		};
		AAA16E2A4BD00FAB903D7B7F /* Check Pods Manifest.lock */ = {
			isa = PBXShellScriptBuildPhase;
			buildActionMask = 2147483647;
			files = (
			);
			inputPaths = (
			);
			name = "Check Pods Manifest.lock";
			outputPaths = (
			);
			runOnlyForDeploymentPostprocessing = 0;
			shellPath = /bin/sh;
			shellScript = "diff \"${PODS_ROOT}/../Podfile.lock\" \"${PODS_ROOT}/Manifest.lock\" > /dev/null\nif [[ $? != 0 ]] ; then\n    cat << EOM\nerror: The sandbox is not in sync with the Podfile.lock. Run 'pod install' or update your CocoaPods installation.\nEOM\n    exit 1\nfi\n";
			showEnvVarsInLog = 0;
		};
		B188C0A45D7025AC03A4F9FE /* Embed Pods Frameworks */ = {
			isa = PBXShellScriptBuildPhase;
			buildActionMask = 2147483647;
			files = (
			);
			inputPaths = (
			);
			name = "Embed Pods Frameworks";
			outputPaths = (
			);
			runOnlyForDeploymentPostprocessing = 0;
			shellPath = /bin/sh;
			shellScript = "\"${SRCROOT}/Pods/Target Support Files/Pods-MeetRxSwift/Pods-MeetRxSwift-frameworks.sh\"\n";
			showEnvVarsInLog = 0;
		};
		B5F538212DB7CBA7E75F719F /* Check Pods Manifest.lock */ = {
			isa = PBXShellScriptBuildPhase;
			buildActionMask = 2147483647;
			files = (
			);
			inputPaths = (
			);
			name = "Check Pods Manifest.lock";
			outputPaths = (
			);
			runOnlyForDeploymentPostprocessing = 0;
			shellPath = /bin/sh;
			shellScript = "diff \"${PODS_ROOT}/../Podfile.lock\" \"${PODS_ROOT}/Manifest.lock\" > /dev/null\nif [[ $? != 0 ]] ; then\n    cat << EOM\nerror: The sandbox is not in sync with the Podfile.lock. Run 'pod install' or update your CocoaPods installation.\nEOM\n    exit 1\nfi\n";
			showEnvVarsInLog = 0;
		};
		BCDD783E3AF1E82C8DBA8B08 /* Copy Pods Resources */ = {
			isa = PBXShellScriptBuildPhase;
			buildActionMask = 2147483647;
			files = (
			);
			inputPaths = (
			);
			name = "Copy Pods Resources";
			outputPaths = (
			);
			runOnlyForDeploymentPostprocessing = 0;
			shellPath = /bin/sh;
			shellScript = "\"${SRCROOT}/Pods/Target Support Files/Pods-MeetRxSwift/Pods-MeetRxSwift-resources.sh\"\n";
			showEnvVarsInLog = 0;
		};
		D7EBEBB02416D425CA25F416 /* Check Pods Manifest.lock */ = {
			isa = PBXShellScriptBuildPhase;
			buildActionMask = 2147483647;
			files = (
			);
			inputPaths = (
			);
			name = "Check Pods Manifest.lock";
			outputPaths = (
			);
			runOnlyForDeploymentPostprocessing = 0;
			shellPath = /bin/sh;
			shellScript = "diff \"${PODS_ROOT}/../Podfile.lock\" \"${PODS_ROOT}/Manifest.lock\" > /dev/null\nif [[ $? != 0 ]] ; then\n    cat << EOM\nerror: The sandbox is not in sync with the Podfile.lock. Run 'pod install' or update your CocoaPods installation.\nEOM\n    exit 1\nfi\n";
			showEnvVarsInLog = 0;
		};
/* End PBXShellScriptBuildPhase section */

/* Begin PBXSourcesBuildPhase section */
		26028C821C89EF670098131A /* Sources */ = {
			isa = PBXSourcesBuildPhase;
			buildActionMask = 2147483647;
			files = (
				26028C8B1C89EF670098131A /* ViewController.swift in Sources */,
				26028C891C89EF670098131A /* AppDelegate.swift in Sources */,
			);
			runOnlyForDeploymentPostprocessing = 0;
		};
		26028CB01C8ACF200098131A /* Sources */ = {
			isa = PBXSourcesBuildPhase;
			buildActionMask = 2147483647;
			files = (
				26028CB91C8ACF200098131A /* ViewController.swift in Sources */,
				26028CC71C8AD19F0098131A /* GGTableViewCell.swift in Sources */,
				26CC59571C8AD279005E0FBF /* GGCollectionViewCell.swift in Sources */,
				26028CB71C8ACF200098131A /* AppDelegate.swift in Sources */,
			);
			runOnlyForDeploymentPostprocessing = 0;
		};
		267600C21C87E1AB0020E64B /* Sources */ = {
			isa = PBXSourcesBuildPhase;
			buildActionMask = 2147483647;
			files = (
				267600CC1C87E1AB0020E64B /* ViewController.swift in Sources */,
				267600CA1C87E1AB0020E64B /* AppDelegate.swift in Sources */,
			);
			runOnlyForDeploymentPostprocessing = 0;
		};
/* End PBXSourcesBuildPhase section */

/* Begin PBXVariantGroup section */
		26028C8C1C89EF670098131A /* Main.storyboard */ = {
			isa = PBXVariantGroup;
			children = (
				26028C8D1C89EF670098131A /* Base */,
			);
			name = Main.storyboard;
			sourceTree = "<group>";
		};
		26028C911C89EF670098131A /* LaunchScreen.storyboard */ = {
			isa = PBXVariantGroup;
			children = (
				26028C921C89EF670098131A /* Base */,
			);
			name = LaunchScreen.storyboard;
			sourceTree = "<group>";
		};
		26028CBA1C8ACF200098131A /* Main.storyboard */ = {
			isa = PBXVariantGroup;
			children = (
				26028CBB1C8ACF200098131A /* Base */,
			);
			name = Main.storyboard;
			sourceTree = "<group>";
		};
		26028CBF1C8ACF200098131A /* LaunchScreen.storyboard */ = {
			isa = PBXVariantGroup;
			children = (
				26028CC01C8ACF200098131A /* Base */,
			);
			name = LaunchScreen.storyboard;
			sourceTree = "<group>";
		};
		267600CD1C87E1AB0020E64B /* Main.storyboard */ = {
			isa = PBXVariantGroup;
			children = (
				267600CE1C87E1AB0020E64B /* Base */,
			);
			name = Main.storyboard;
			sourceTree = "<group>";
		};
		267600D21C87E1AB0020E64B /* LaunchScreen.storyboard */ = {
			isa = PBXVariantGroup;
			children = (
				267600D31C87E1AB0020E64B /* Base */,
			);
			name = LaunchScreen.storyboard;
			sourceTree = "<group>";
		};
/* End PBXVariantGroup section */

/* Begin XCBuildConfiguration section */
		26028C951C89EF670098131A /* Debug */ = {
			isa = XCBuildConfiguration;
			baseConfigurationReference = 58F1E879ED24CE5399BC61BE /* Pods-MeetRxSwiftAsync.debug.xcconfig */;
			buildSettings = {
				ASSETCATALOG_COMPILER_APPICON_NAME = AppIcon;
				INFOPLIST_FILE = MeetRxSwiftAsync/Info.plist;
				LD_RUNPATH_SEARCH_PATHS = "$(inherited) @executable_path/Frameworks";
				PRODUCT_BUNDLE_IDENTIFIER = org.dianqk.MeetRxSwiftAsync;
				PRODUCT_NAME = "$(TARGET_NAME)";
			};
			name = Debug;
		};
		26028C961C89EF670098131A /* Release */ = {
			isa = XCBuildConfiguration;
			baseConfigurationReference = A1CAC95925A15F4C71D00FFF /* Pods-MeetRxSwiftAsync.release.xcconfig */;
			buildSettings = {
				ASSETCATALOG_COMPILER_APPICON_NAME = AppIcon;
				INFOPLIST_FILE = MeetRxSwiftAsync/Info.plist;
				LD_RUNPATH_SEARCH_PATHS = "$(inherited) @executable_path/Frameworks";
				PRODUCT_BUNDLE_IDENTIFIER = org.dianqk.MeetRxSwiftAsync;
				PRODUCT_NAME = "$(TARGET_NAME)";
			};
			name = Release;
		};
		26028CC31C8ACF200098131A /* Debug */ = {
			isa = XCBuildConfiguration;
			baseConfigurationReference = 768182FDBE691D09FF58E6CB /* Pods-MultiButtonTutorial.debug.xcconfig */;
			buildSettings = {
				ASSETCATALOG_COMPILER_APPICON_NAME = AppIcon;
				INFOPLIST_FILE = MultiButtonTutorial/Info.plist;
				LD_RUNPATH_SEARCH_PATHS = "$(inherited) @executable_path/Frameworks";
				PRODUCT_BUNDLE_IDENTIFIER = org.dianqk.MultiButtonTutorial;
				PRODUCT_NAME = "$(TARGET_NAME)";
			};
			name = Debug;
		};
		26028CC41C8ACF200098131A /* Release */ = {
			isa = XCBuildConfiguration;
			baseConfigurationReference = 0058ED6444D78829B3B2E58B /* Pods-MultiButtonTutorial.release.xcconfig */;
			buildSettings = {
				ASSETCATALOG_COMPILER_APPICON_NAME = AppIcon;
				INFOPLIST_FILE = MultiButtonTutorial/Info.plist;
				LD_RUNPATH_SEARCH_PATHS = "$(inherited) @executable_path/Frameworks";
				PRODUCT_BUNDLE_IDENTIFIER = org.dianqk.MultiButtonTutorial;
				PRODUCT_NAME = "$(TARGET_NAME)";
			};
			name = Release;
		};
		267600D61C87E1AB0020E64B /* Debug */ = {
			isa = XCBuildConfiguration;
			buildSettings = {
				ALWAYS_SEARCH_USER_PATHS = NO;
				CLANG_CXX_LANGUAGE_STANDARD = "gnu++0x";
				CLANG_CXX_LIBRARY = "libc++";
				CLANG_ENABLE_MODULES = YES;
				CLANG_ENABLE_OBJC_ARC = YES;
				CLANG_WARN_BOOL_CONVERSION = YES;
				CLANG_WARN_CONSTANT_CONVERSION = YES;
				CLANG_WARN_DIRECT_OBJC_ISA_USAGE = YES_ERROR;
				CLANG_WARN_EMPTY_BODY = YES;
				CLANG_WARN_ENUM_CONVERSION = YES;
				CLANG_WARN_INT_CONVERSION = YES;
				CLANG_WARN_OBJC_ROOT_CLASS = YES_ERROR;
				CLANG_WARN_UNREACHABLE_CODE = YES;
				CLANG_WARN__DUPLICATE_METHOD_MATCH = YES;
				"CODE_SIGN_IDENTITY[sdk=iphoneos*]" = "iPhone Developer";
				COPY_PHASE_STRIP = NO;
				DEBUG_INFORMATION_FORMAT = dwarf;
				ENABLE_STRICT_OBJC_MSGSEND = YES;
				ENABLE_TESTABILITY = YES;
				GCC_C_LANGUAGE_STANDARD = gnu99;
				GCC_DYNAMIC_NO_PIC = NO;
				GCC_NO_COMMON_BLOCKS = YES;
				GCC_OPTIMIZATION_LEVEL = 0;
				GCC_PREPROCESSOR_DEFINITIONS = (
					"DEBUG=1",
					"$(inherited)",
				);
				GCC_WARN_64_TO_32_BIT_CONVERSION = YES;
				GCC_WARN_ABOUT_RETURN_TYPE = YES_ERROR;
				GCC_WARN_UNDECLARED_SELECTOR = YES;
				GCC_WARN_UNINITIALIZED_AUTOS = YES_AGGRESSIVE;
				GCC_WARN_UNUSED_FUNCTION = YES;
				GCC_WARN_UNUSED_VARIABLE = YES;
				IPHONEOS_DEPLOYMENT_TARGET = 9.2;
				MTL_ENABLE_DEBUG_INFO = YES;
				ONLY_ACTIVE_ARCH = YES;
				SDKROOT = iphoneos;
				SWIFT_OPTIMIZATION_LEVEL = "-Onone";
			};
			name = Debug;
		};
		267600D71C87E1AB0020E64B /* Release */ = {
			isa = XCBuildConfiguration;
			buildSettings = {
				ALWAYS_SEARCH_USER_PATHS = NO;
				CLANG_CXX_LANGUAGE_STANDARD = "gnu++0x";
				CLANG_CXX_LIBRARY = "libc++";
				CLANG_ENABLE_MODULES = YES;
				CLANG_ENABLE_OBJC_ARC = YES;
				CLANG_WARN_BOOL_CONVERSION = YES;
				CLANG_WARN_CONSTANT_CONVERSION = YES;
				CLANG_WARN_DIRECT_OBJC_ISA_USAGE = YES_ERROR;
				CLANG_WARN_EMPTY_BODY = YES;
				CLANG_WARN_ENUM_CONVERSION = YES;
				CLANG_WARN_INT_CONVERSION = YES;
				CLANG_WARN_OBJC_ROOT_CLASS = YES_ERROR;
				CLANG_WARN_UNREACHABLE_CODE = YES;
				CLANG_WARN__DUPLICATE_METHOD_MATCH = YES;
				"CODE_SIGN_IDENTITY[sdk=iphoneos*]" = "iPhone Developer";
				COPY_PHASE_STRIP = NO;
				DEBUG_INFORMATION_FORMAT = "dwarf-with-dsym";
				ENABLE_NS_ASSERTIONS = NO;
				ENABLE_STRICT_OBJC_MSGSEND = YES;
				GCC_C_LANGUAGE_STANDARD = gnu99;
				GCC_NO_COMMON_BLOCKS = YES;
				GCC_WARN_64_TO_32_BIT_CONVERSION = YES;
				GCC_WARN_ABOUT_RETURN_TYPE = YES_ERROR;
				GCC_WARN_UNDECLARED_SELECTOR = YES;
				GCC_WARN_UNINITIALIZED_AUTOS = YES_AGGRESSIVE;
				GCC_WARN_UNUSED_FUNCTION = YES;
				GCC_WARN_UNUSED_VARIABLE = YES;
				IPHONEOS_DEPLOYMENT_TARGET = 9.2;
				MTL_ENABLE_DEBUG_INFO = NO;
				SDKROOT = iphoneos;
				VALIDATE_PRODUCT = YES;
			};
			name = Release;
		};
		267600D91C87E1AB0020E64B /* Debug */ = {
			isa = XCBuildConfiguration;
			baseConfigurationReference = 5186FFF859FF87EB3BFE62C5 /* Pods-MeetRxSwift.debug.xcconfig */;
			buildSettings = {
				ASSETCATALOG_COMPILER_APPICON_NAME = AppIcon;
				INFOPLIST_FILE = MeetRxSwift/Info.plist;
				LD_RUNPATH_SEARCH_PATHS = "$(inherited) @executable_path/Frameworks";
				PRODUCT_BUNDLE_IDENTIFIER = gg.swift.t.MeetRxSwift;
				PRODUCT_NAME = "$(TARGET_NAME)";
			};
			name = Debug;
		};
		267600DA1C87E1AB0020E64B /* Release */ = {
			isa = XCBuildConfiguration;
			baseConfigurationReference = 82E8B49A36FCC0534D786FEC /* Pods-MeetRxSwift.release.xcconfig */;
			buildSettings = {
				ASSETCATALOG_COMPILER_APPICON_NAME = AppIcon;
				INFOPLIST_FILE = MeetRxSwift/Info.plist;
				LD_RUNPATH_SEARCH_PATHS = "$(inherited) @executable_path/Frameworks";
				PRODUCT_BUNDLE_IDENTIFIER = gg.swift.t.MeetRxSwift;
				PRODUCT_NAME = "$(TARGET_NAME)";
			};
			name = Release;
		};
/* End XCBuildConfiguration section */

/* Begin XCConfigurationList section */
		26028C971C89EF670098131A /* Build configuration list for PBXNativeTarget "MeetRxSwiftAsync" */ = {
			isa = XCConfigurationList;
			buildConfigurations = (
				26028C951C89EF670098131A /* Debug */,
				26028C961C89EF670098131A /* Release */,
			);
			defaultConfigurationIsVisible = 0;
			defaultConfigurationName = Release;
		};
		26028CC51C8ACF200098131A /* Build configuration list for PBXNativeTarget "MultiButtonTutorial" */ = {
			isa = XCConfigurationList;
			buildConfigurations = (
				26028CC31C8ACF200098131A /* Debug */,
				26028CC41C8ACF200098131A /* Release */,
			);
			defaultConfigurationIsVisible = 0;
			defaultConfigurationName = Release;
		};
		267600C11C87E1AB0020E64B /* Build configuration list for PBXProject "MeetRxSwift" */ = {
			isa = XCConfigurationList;
			buildConfigurations = (
				267600D61C87E1AB0020E64B /* Debug */,
				267600D71C87E1AB0020E64B /* Release */,
			);
			defaultConfigurationIsVisible = 0;
			defaultConfigurationName = Release;
		};
		267600D81C87E1AB0020E64B /* Build configuration list for PBXNativeTarget "MeetRxSwift" */ = {
			isa = XCConfigurationList;
			buildConfigurations = (
				267600D91C87E1AB0020E64B /* Debug */,
				267600DA1C87E1AB0020E64B /* Release */,
			);
			defaultConfigurationIsVisible = 0;
			defaultConfigurationName = Release;
		};
/* End XCConfigurationList section */
	};
	rootObject = 267600BE1C87E1AB0020E64B /* Project object */;
}
